// !$*UTF8*$!
{
	archiveVersion = 1;
	classes = {
	};
	objectVersion = 56;
	objects = {

/* Begin PBXBuildFile section */
		642BC9FB2AE04E02008472D3 /* SiriKitExampleApp.swift in Sources */ = {isa = PBXBuildFile; fileRef = 642BC9FA2AE04E02008472D3 /* SiriKitExampleApp.swift */; };
		642BCA002AE04E02008472D3 /* SiriKitExample.xcdatamodeld in Sources */ = {isa = PBXBuildFile; fileRef = 642BC9FE2AE04E02008472D3 /* SiriKitExample.xcdatamodeld */; };
		642BCA022AE04E02008472D3 /* ContentView.swift in Sources */ = {isa = PBXBuildFile; fileRef = 642BCA012AE04E02008472D3 /* ContentView.swift */; };
		642BCA042AE04E04008472D3 /* Assets.xcassets in Resources */ = {isa = PBXBuildFile; fileRef = 642BCA032AE04E04008472D3 /* Assets.xcassets */; };
		642BCA102AE07DEF008472D3 /* Item.swift in Sources */ = {isa = PBXBuildFile; fileRef = 642BCA0F2AE07DEF008472D3 /* Item.swift */; };
		642BCA122AE07E3C008472D3 /* DataManager.swift in Sources */ = {isa = PBXBuildFile; fileRef = 642BCA112AE07E3C008472D3 /* DataManager.swift */; };
		642BCA1B2AE087EF008472D3 /* ItemsListView.swift in Sources */ = {isa = PBXBuildFile; fileRef = 642BCA1A2AE087EF008472D3 /* ItemsListView.swift */; };
		642BCA1F2AE08851008472D3 /* ItemCell.swift in Sources */ = {isa = PBXBuildFile; fileRef = 642BCA1E2AE08851008472D3 /* ItemCell.swift */; };
		642BCA242AE18EA2008472D3 /* AddItemView.swift in Sources */ = {isa = PBXBuildFile; fileRef = 642BCA232AE18EA2008472D3 /* AddItemView.swift */; };
		642BCA272AE198B8008472D3 /* List+Extensions.swift in Sources */ = {isa = PBXBuildFile; fileRef = 642BCA262AE198B8008472D3 /* List+Extensions.swift */; };
		643807F32B6D675600856DA0 /* Intents.framework in Frameworks */ = {isa = PBXBuildFile; fileRef = 643807F22B6D675600856DA0 /* Intents.framework */; };
		643807F62B6D675600856DA0 /* IntentHandler.swift in Sources */ = {isa = PBXBuildFile; fileRef = 643807F52B6D675600856DA0 /* IntentHandler.swift */; };
		643807FE2B6D675700856DA0 /* IntentsUI.framework in Frameworks */ = {isa = PBXBuildFile; fileRef = 643807FD2B6D675700856DA0 /* IntentsUI.framework */; };
		643808012B6D675700856DA0 /* IntentViewController.swift in Sources */ = {isa = PBXBuildFile; fileRef = 643808002B6D675700856DA0 /* IntentViewController.swift */; };
		643808042B6D675700856DA0 /* MainInterface.storyboard in Resources */ = {isa = PBXBuildFile; fileRef = 643808022B6D675700856DA0 /* MainInterface.storyboard */; };
		643808082B6D675700856DA0 /* SiriKitExampleIntentUI.appex in Embed Foundation Extensions */ = {isa = PBXBuildFile; fileRef = 643807FC2B6D675700856DA0 /* SiriKitExampleIntentUI.appex */; settings = {ATTRIBUTES = (RemoveHeadersOnCopy, ); }; };
		6438080B2B6D675700856DA0 /* SiriKitExampleIntent.appex in Embed Foundation Extensions */ = {isa = PBXBuildFile; fileRef = 643807F02B6D675600856DA0 /* SiriKitExampleIntent.appex */; settings = {ATTRIBUTES = (RemoveHeadersOnCopy, ); }; };
		643808152B6D6B5C00856DA0 /* IntentsDefinition.intentdefinition in Sources */ = {isa = PBXBuildFile; fileRef = 643808142B6D6B5C00856DA0 /* IntentsDefinition.intentdefinition */; };
		643808162B6D6B5C00856DA0 /* IntentsDefinition.intentdefinition in Sources */ = {isa = PBXBuildFile; fileRef = 643808142B6D6B5C00856DA0 /* IntentsDefinition.intentdefinition */; };
		64700ED82AE21CF700E8A424 /* ModelData.swift in Sources */ = {isa = PBXBuildFile; fileRef = 64700ED72AE21CF700E8A424 /* ModelData.swift */; };
		64B8FED82B72CD75005545F0 /* ShoppingListHandler.swift in Sources */ = {isa = PBXBuildFile; fileRef = 64B8FED72B72CD75005545F0 /* ShoppingListHandler.swift */; };
		64B8FEDB2B72D9AA005545F0 /* Item.swift in Sources */ = {isa = PBXBuildFile; fileRef = 642BCA0F2AE07DEF008472D3 /* Item.swift */; };
		64B8FEDC2B72D9AB005545F0 /* Item.swift in Sources */ = {isa = PBXBuildFile; fileRef = 642BCA0F2AE07DEF008472D3 /* Item.swift */; };
		64B8FEDF2B72D9FE005545F0 /* SiriKitExample.xcdatamodeld in Sources */ = {isa = PBXBuildFile; fileRef = 642BC9FE2AE04E02008472D3 /* SiriKitExample.xcdatamodeld */; };
		64B8FEE02B72D9FF005545F0 /* SiriKitExample.xcdatamodeld in Sources */ = {isa = PBXBuildFile; fileRef = 642BC9FE2AE04E02008472D3 /* SiriKitExample.xcdatamodeld */; };
		64B8FEE32B72FC3A005545F0 /* DataManager.swift in Sources */ = {isa = PBXBuildFile; fileRef = 642BCA112AE07E3C008472D3 /* DataManager.swift */; };
		64B8FEE42B72FC3A005545F0 /* DataManager.swift in Sources */ = {isa = PBXBuildFile; fileRef = 642BCA112AE07E3C008472D3 /* DataManager.swift */; };
/* End PBXBuildFile section */

/* Begin PBXContainerItemProxy section */
		643808062B6D675700856DA0 /* PBXContainerItemProxy */ = {
			isa = PBXContainerItemProxy;
			containerPortal = 642BC9EF2AE04E02008472D3 /* Project object */;
			proxyType = 1;
			remoteGlobalIDString = 643807FB2B6D675700856DA0;
			remoteInfo = SiriKitExampleIntentUI;
		};
		643808092B6D675700856DA0 /* PBXContainerItemProxy */ = {
			isa = PBXContainerItemProxy;
			containerPortal = 642BC9EF2AE04E02008472D3 /* Project object */;
			proxyType = 1;
			remoteGlobalIDString = 643807EF2B6D675600856DA0;
			remoteInfo = SiriKitExampleIntent;
		};
/* End PBXContainerItemProxy section */

/* Begin PBXCopyFilesBuildPhase section */
		6438080C2B6D675700856DA0 /* Embed Foundation Extensions */ = {
			isa = PBXCopyFilesBuildPhase;
			buildActionMask = 2147483647;
			dstPath = "";
			dstSubfolderSpec = 13;
			files = (
				643808082B6D675700856DA0 /* SiriKitExampleIntentUI.appex in Embed Foundation Extensions */,
				6438080B2B6D675700856DA0 /* SiriKitExampleIntent.appex in Embed Foundation Extensions */,
			);
			name = "Embed Foundation Extensions";
			runOnlyForDeploymentPostprocessing = 0;
		};
/* End PBXCopyFilesBuildPhase section */

/* Begin PBXFileReference section */
		642BC9F72AE04E02008472D3 /* SiriKitExample.app */ = {isa = PBXFileReference; explicitFileType = wrapper.application; includeInIndex = 0; path = SiriKitExample.app; sourceTree = BUILT_PRODUCTS_DIR; };
		642BC9FA2AE04E02008472D3 /* SiriKitExampleApp.swift */ = {isa = PBXFileReference; lastKnownFileType = sourcecode.swift; path = SiriKitExampleApp.swift; sourceTree = "<group>"; };
		642BC9FF2AE04E02008472D3 /* SiriKitExample.xcdatamodel */ = {isa = PBXFileReference; lastKnownFileType = wrapper.xcdatamodel; path = SiriKitExample.xcdatamodel; sourceTree = "<group>"; };
		642BCA012AE04E02008472D3 /* ContentView.swift */ = {isa = PBXFileReference; lastKnownFileType = sourcecode.swift; path = ContentView.swift; sourceTree = "<group>"; };
		642BCA032AE04E04008472D3 /* Assets.xcassets */ = {isa = PBXFileReference; lastKnownFileType = folder.assetcatalog; path = Assets.xcassets; sourceTree = "<group>"; };
		642BCA052AE04E04008472D3 /* SiriKitExample.entitlements */ = {isa = PBXFileReference; lastKnownFileType = text.plist.entitlements; path = SiriKitExample.entitlements; sourceTree = "<group>"; };
		642BCA0F2AE07DEF008472D3 /* Item.swift */ = {isa = PBXFileReference; lastKnownFileType = sourcecode.swift; path = Item.swift; sourceTree = "<group>"; };
		642BCA112AE07E3C008472D3 /* DataManager.swift */ = {isa = PBXFileReference; lastKnownFileType = sourcecode.swift; path = DataManager.swift; sourceTree = "<group>"; };
		642BCA1A2AE087EF008472D3 /* ItemsListView.swift */ = {isa = PBXFileReference; lastKnownFileType = sourcecode.swift; path = ItemsListView.swift; sourceTree = "<group>"; };
		642BCA1E2AE08851008472D3 /* ItemCell.swift */ = {isa = PBXFileReference; lastKnownFileType = sourcecode.swift; path = ItemCell.swift; sourceTree = "<group>"; };
		642BCA232AE18EA2008472D3 /* AddItemView.swift */ = {isa = PBXFileReference; lastKnownFileType = sourcecode.swift; path = AddItemView.swift; sourceTree = "<group>"; };
		642BCA262AE198B8008472D3 /* List+Extensions.swift */ = {isa = PBXFileReference; lastKnownFileType = sourcecode.swift; path = "List+Extensions.swift"; sourceTree = "<group>"; };
		643807F02B6D675600856DA0 /* SiriKitExampleIntent.appex */ = {isa = PBXFileReference; explicitFileType = "wrapper.app-extension"; includeInIndex = 0; path = SiriKitExampleIntent.appex; sourceTree = BUILT_PRODUCTS_DIR; };
		643807F22B6D675600856DA0 /* Intents.framework */ = {isa = PBXFileReference; lastKnownFileType = wrapper.framework; name = Intents.framework; path = System/Library/Frameworks/Intents.framework; sourceTree = SDKROOT; };
		643807F52B6D675600856DA0 /* IntentHandler.swift */ = {isa = PBXFileReference; lastKnownFileType = sourcecode.swift; path = IntentHandler.swift; sourceTree = "<group>"; };
		643807F72B6D675600856DA0 /* Info.plist */ = {isa = PBXFileReference; lastKnownFileType = text.plist.xml; path = Info.plist; sourceTree = "<group>"; };
		643807FC2B6D675700856DA0 /* SiriKitExampleIntentUI.appex */ = {isa = PBXFileReference; explicitFileType = "wrapper.app-extension"; includeInIndex = 0; path = SiriKitExampleIntentUI.appex; sourceTree = BUILT_PRODUCTS_DIR; };
		643807FD2B6D675700856DA0 /* IntentsUI.framework */ = {isa = PBXFileReference; lastKnownFileType = wrapper.framework; name = IntentsUI.framework; path = System/Library/Frameworks/IntentsUI.framework; sourceTree = SDKROOT; };
		643808002B6D675700856DA0 /* IntentViewController.swift */ = {isa = PBXFileReference; lastKnownFileType = sourcecode.swift; path = IntentViewController.swift; sourceTree = "<group>"; };
		643808032B6D675700856DA0 /* Base */ = {isa = PBXFileReference; lastKnownFileType = file.storyboard; name = Base; path = Base.lproj/MainInterface.storyboard; sourceTree = "<group>"; };
		643808052B6D675700856DA0 /* Info.plist */ = {isa = PBXFileReference; lastKnownFileType = text.plist.xml; path = Info.plist; sourceTree = "<group>"; };
		643808142B6D6B5C00856DA0 /* IntentsDefinition.intentdefinition */ = {isa = PBXFileReference; lastKnownFileType = file.intentdefinition; path = IntentsDefinition.intentdefinition; sourceTree = "<group>"; };
		643808172B6D6BC800856DA0 /* Info.plist */ = {isa = PBXFileReference; lastKnownFileType = text.plist; path = Info.plist; sourceTree = "<group>"; };
		64700ED72AE21CF700E8A424 /* ModelData.swift */ = {isa = PBXFileReference; lastKnownFileType = sourcecode.swift; path = ModelData.swift; sourceTree = "<group>"; };
		64B8FED72B72CD75005545F0 /* ShoppingListHandler.swift */ = {isa = PBXFileReference; lastKnownFileType = sourcecode.swift; path = ShoppingListHandler.swift; sourceTree = "<group>"; };
		64B8FEE12B72ED37005545F0 /* SiriKitExampleIntent.entitlements */ = {isa = PBXFileReference; lastKnownFileType = text.plist.entitlements; path = SiriKitExampleIntent.entitlements; sourceTree = "<group>"; };
		64B8FEE22B72F322005545F0 /* SiriKitExampleIntentUI.entitlements */ = {isa = PBXFileReference; lastKnownFileType = text.plist.entitlements; path = SiriKitExampleIntentUI.entitlements; sourceTree = "<group>"; };
/* End PBXFileReference section */

/* Begin PBXFrameworksBuildPhase section */
		642BC9F42AE04E02008472D3 /* Frameworks */ = {
			isa = PBXFrameworksBuildPhase;
			buildActionMask = 2147483647;
			files = (
			);
			runOnlyForDeploymentPostprocessing = 0;
		};
		643807ED2B6D675600856DA0 /* Frameworks */ = {
			isa = PBXFrameworksBuildPhase;
			buildActionMask = 2147483647;
			files = (
				643807F32B6D675600856DA0 /* Intents.framework in Frameworks */,
			);
			runOnlyForDeploymentPostprocessing = 0;
		};
		643807F92B6D675700856DA0 /* Frameworks */ = {
			isa = PBXFrameworksBuildPhase;
			buildActionMask = 2147483647;
			files = (
				643807FE2B6D675700856DA0 /* IntentsUI.framework in Frameworks */,
			);
			runOnlyForDeploymentPostprocessing = 0;
		};
/* End PBXFrameworksBuildPhase section */

/* Begin PBXGroup section */
		642BC9EE2AE04E02008472D3 = {
			isa = PBXGroup;
			children = (
				642BC9F92AE04E02008472D3 /* SiriKitExample */,
				643807F42B6D675600856DA0 /* SiriKitExampleIntent */,
				643807FF2B6D675700856DA0 /* SiriKitExampleIntentUI */,
				643807F12B6D675600856DA0 /* Frameworks */,
				642BC9F82AE04E02008472D3 /* Products */,
			);
			sourceTree = "<group>";
		};
		642BC9F82AE04E02008472D3 /* Products */ = {
			isa = PBXGroup;
			children = (
				642BC9F72AE04E02008472D3 /* SiriKitExample.app */,
				643807F02B6D675600856DA0 /* SiriKitExampleIntent.appex */,
				643807FC2B6D675700856DA0 /* SiriKitExampleIntentUI.appex */,
			);
			name = Products;
			sourceTree = "<group>";
		};
		642BC9F92AE04E02008472D3 /* SiriKitExample */ = {
			isa = PBXGroup;
			children = (
				643808172B6D6BC800856DA0 /* Info.plist */,
				642BC9FA2AE04E02008472D3 /* SiriKitExampleApp.swift */,
				642BCA052AE04E04008472D3 /* SiriKitExample.entitlements */,
				642BC9FE2AE04E02008472D3 /* SiriKitExample.xcdatamodeld */,
				643808132B6D6AAD00856DA0 /* Definitions */,
				642BCA252AE19885008472D3 /* Extensions */,
				642BCA152AE08343008472D3 /* Resources */,
				642BCA0E2AE07CAF008472D3 /* DataManager */,
				642BCA132AE082F7008472D3 /* Views */,
			);
			path = SiriKitExample;
			sourceTree = "<group>";
		};
		642BCA0E2AE07CAF008472D3 /* DataManager */ = {
			isa = PBXGroup;
			children = (
				642BCA0F2AE07DEF008472D3 /* Item.swift */,
				642BCA112AE07E3C008472D3 /* DataManager.swift */,
				64700ED72AE21CF700E8A424 /* ModelData.swift */,
			);
			path = DataManager;
			sourceTree = "<group>";
		};
		642BCA132AE082F7008472D3 /* Views */ = {
			isa = PBXGroup;
			children = (
				642BCA222AE18E8C008472D3 /* AddItem */,
				642BCA192AE087DA008472D3 /* ItemsList */,
				642BCA012AE04E02008472D3 /* ContentView.swift */,
			);
			path = Views;
			sourceTree = "<group>";
		};
		642BCA152AE08343008472D3 /* Resources */ = {
			isa = PBXGroup;
			children = (
				642BCA032AE04E04008472D3 /* Assets.xcassets */,
			);
			path = Resources;
			sourceTree = "<group>";
		};
		642BCA192AE087DA008472D3 /* ItemsList */ = {
			isa = PBXGroup;
			children = (
				642BCA1E2AE08851008472D3 /* ItemCell.swift */,
				642BCA1A2AE087EF008472D3 /* ItemsListView.swift */,
			);
			path = ItemsList;
			sourceTree = "<group>";
		};
		642BCA222AE18E8C008472D3 /* AddItem */ = {
			isa = PBXGroup;
			children = (
				642BCA232AE18EA2008472D3 /* AddItemView.swift */,
			);
			path = AddItem;
			sourceTree = "<group>";
		};
		642BCA252AE19885008472D3 /* Extensions */ = {
			isa = PBXGroup;
			children = (
				642BCA262AE198B8008472D3 /* List+Extensions.swift */,
			);
			path = Extensions;
			sourceTree = "<group>";
		};
		643807F12B6D675600856DA0 /* Frameworks */ = {
			isa = PBXGroup;
			children = (
				643807F22B6D675600856DA0 /* Intents.framework */,
				643807FD2B6D675700856DA0 /* IntentsUI.framework */,
			);
			name = Frameworks;
			sourceTree = "<group>";
		};
		643807F42B6D675600856DA0 /* SiriKitExampleIntent */ = {
			isa = PBXGroup;
			children = (
				64B8FEE12B72ED37005545F0 /* SiriKitExampleIntent.entitlements */,
				643807F52B6D675600856DA0 /* IntentHandler.swift */,
				643807F72B6D675600856DA0 /* Info.plist */,
				64B8FED72B72CD75005545F0 /* ShoppingListHandler.swift */,
			);
			path = SiriKitExampleIntent;
			sourceTree = "<group>";
		};
		643807FF2B6D675700856DA0 /* SiriKitExampleIntentUI */ = {
			isa = PBXGroup;
			children = (
				64B8FEE22B72F322005545F0 /* SiriKitExampleIntentUI.entitlements */,
				643808002B6D675700856DA0 /* IntentViewController.swift */,
				643808022B6D675700856DA0 /* MainInterface.storyboard */,
				643808052B6D675700856DA0 /* Info.plist */,
			);
			path = SiriKitExampleIntentUI;
			sourceTree = "<group>";
		};
		643808132B6D6AAD00856DA0 /* Definitions */ = {
			isa = PBXGroup;
			children = (
				643808142B6D6B5C00856DA0 /* IntentsDefinition.intentdefinition */,
			);
			path = Definitions;
			sourceTree = "<group>";
		};
/* End PBXGroup section */

/* Begin PBXNativeTarget section */
		642BC9F62AE04E02008472D3 /* SiriKitExample */ = {
			isa = PBXNativeTarget;
			buildConfigurationList = 642BCA0B2AE04E04008472D3 /* Build configuration list for PBXNativeTarget "SiriKitExample" */;
			buildPhases = (
				642BC9F32AE04E02008472D3 /* Sources */,
				642BC9F42AE04E02008472D3 /* Frameworks */,
				642BC9F52AE04E02008472D3 /* Resources */,
				6438080C2B6D675700856DA0 /* Embed Foundation Extensions */,
			);
			buildRules = (
			);
			dependencies = (
				643808072B6D675700856DA0 /* PBXTargetDependency */,
				6438080A2B6D675700856DA0 /* PBXTargetDependency */,
			);
			name = SiriKitExample;
			productName = SiriKitExample;
			productReference = 642BC9F72AE04E02008472D3 /* SiriKitExample.app */;
			productType = "com.apple.product-type.application";
		};
		643807EF2B6D675600856DA0 /* SiriKitExampleIntent */ = {
			isa = PBXNativeTarget;
			buildConfigurationList = 643808122B6D675700856DA0 /* Build configuration list for PBXNativeTarget "SiriKitExampleIntent" */;
			buildPhases = (
				643807EC2B6D675600856DA0 /* Sources */,
				643807ED2B6D675600856DA0 /* Frameworks */,
				643807EE2B6D675600856DA0 /* Resources */,
			);
			buildRules = (
			);
			dependencies = (
			);
			name = SiriKitExampleIntent;
			productName = SiriKitExampleIntent;
			productReference = 643807F02B6D675600856DA0 /* SiriKitExampleIntent.appex */;
			productType = "com.apple.product-type.app-extension";
		};
		643807FB2B6D675700856DA0 /* SiriKitExampleIntentUI */ = {
			isa = PBXNativeTarget;
			buildConfigurationList = 643808112B6D675700856DA0 /* Build configuration list for PBXNativeTarget "SiriKitExampleIntentUI" */;
			buildPhases = (
				643807F82B6D675700856DA0 /* Sources */,
				643807F92B6D675700856DA0 /* Frameworks */,
				643807FA2B6D675700856DA0 /* Resources */,
			);
			buildRules = (
			);
			dependencies = (
			);
			name = SiriKitExampleIntentUI;
			productName = SiriKitExampleIntentUI;
			productReference = 643807FC2B6D675700856DA0 /* SiriKitExampleIntentUI.appex */;
			productType = "com.apple.product-type.app-extension";
		};
/* End PBXNativeTarget section */

/* Begin PBXProject section */
		642BC9EF2AE04E02008472D3 /* Project object */ = {
			isa = PBXProject;
			attributes = {
				BuildIndependentTargetsInParallel = 1;
				LastSwiftUpdateCheck = 1510;
				LastUpgradeCheck = 1500;
				TargetAttributes = {
					642BC9F62AE04E02008472D3 = {
						CreatedOnToolsVersion = 15.0;
					};
					643807EF2B6D675600856DA0 = {
						CreatedOnToolsVersion = 15.1;
					};
					643807FB2B6D675700856DA0 = {
						CreatedOnToolsVersion = 15.1;
					};
				};
			};
			buildConfigurationList = 642BC9F22AE04E02008472D3 /* Build configuration list for PBXProject "SiriKitExample" */;
			compatibilityVersion = "Xcode 14.0";
			developmentRegion = en;
			hasScannedForEncodings = 0;
			knownRegions = (
				en,
				Base,
			);
			mainGroup = 642BC9EE2AE04E02008472D3;
			productRefGroup = 642BC9F82AE04E02008472D3 /* Products */;
			projectDirPath = "";
			projectRoot = "";
			targets = (
				642BC9F62AE04E02008472D3 /* SiriKitExample */,
				643807EF2B6D675600856DA0 /* SiriKitExampleIntent */,
				643807FB2B6D675700856DA0 /* SiriKitExampleIntentUI */,
			);
		};
/* End PBXProject section */

/* Begin PBXResourcesBuildPhase section */
		642BC9F52AE04E02008472D3 /* Resources */ = {
			isa = PBXResourcesBuildPhase;
			buildActionMask = 2147483647;
			files = (
				642BCA042AE04E04008472D3 /* Assets.xcassets in Resources */,
			);
			runOnlyForDeploymentPostprocessing = 0;
		};
		643807EE2B6D675600856DA0 /* Resources */ = {
			isa = PBXResourcesBuildPhase;
			buildActionMask = 2147483647;
			files = (
			);
			runOnlyForDeploymentPostprocessing = 0;
		};
		643807FA2B6D675700856DA0 /* Resources */ = {
			isa = PBXResourcesBuildPhase;
			buildActionMask = 2147483647;
			files = (
				643808042B6D675700856DA0 /* MainInterface.storyboard in Resources */,
			);
			runOnlyForDeploymentPostprocessing = 0;
		};
/* End PBXResourcesBuildPhase section */

/* Begin PBXSourcesBuildPhase section */
		642BC9F32AE04E02008472D3 /* Sources */ = {
			isa = PBXSourcesBuildPhase;
			buildActionMask = 2147483647;
			files = (
				642BCA1B2AE087EF008472D3 /* ItemsListView.swift in Sources */,
				642BCA242AE18EA2008472D3 /* AddItemView.swift in Sources */,
				642BC9FB2AE04E02008472D3 /* SiriKitExampleApp.swift in Sources */,
				643808152B6D6B5C00856DA0 /* IntentsDefinition.intentdefinition in Sources */,
				64700ED82AE21CF700E8A424 /* ModelData.swift in Sources */,
				642BCA122AE07E3C008472D3 /* DataManager.swift in Sources */,
				642BCA002AE04E02008472D3 /* SiriKitExample.xcdatamodeld in Sources */,
				642BCA1F2AE08851008472D3 /* ItemCell.swift in Sources */,
				642BCA272AE198B8008472D3 /* List+Extensions.swift in Sources */,
				642BCA022AE04E02008472D3 /* ContentView.swift in Sources */,
				642BCA102AE07DEF008472D3 /* Item.swift in Sources */,
			);
			runOnlyForDeploymentPostprocessing = 0;
		};
		643807EC2B6D675600856DA0 /* Sources */ = {
			isa = PBXSourcesBuildPhase;
			buildActionMask = 2147483647;
			files = (
				64B8FEDB2B72D9AA005545F0 /* Item.swift in Sources */,
				64B8FEE42B72FC3A005545F0 /* DataManager.swift in Sources */,
				64B8FED82B72CD75005545F0 /* ShoppingListHandler.swift in Sources */,
				643807F62B6D675600856DA0 /* IntentHandler.swift in Sources */,
				64B8FEDF2B72D9FE005545F0 /* SiriKitExample.xcdatamodeld in Sources */,
				643808162B6D6B5C00856DA0 /* IntentsDefinition.intentdefinition in Sources */,
			);
			runOnlyForDeploymentPostprocessing = 0;
		};
		643807F82B6D675700856DA0 /* Sources */ = {
			isa = PBXSourcesBuildPhase;
			buildActionMask = 2147483647;
			files = (
				643808012B6D675700856DA0 /* IntentViewController.swift in Sources */,
				64B8FEE32B72FC3A005545F0 /* DataManager.swift in Sources */,
				64B8FEDC2B72D9AB005545F0 /* Item.swift in Sources */,
				64B8FEE02B72D9FF005545F0 /* SiriKitExample.xcdatamodeld in Sources */,
			);
			runOnlyForDeploymentPostprocessing = 0;
		};
/* End PBXSourcesBuildPhase section */

/* Begin PBXTargetDependency section */
		643808072B6D675700856DA0 /* PBXTargetDependency */ = {
			isa = PBXTargetDependency;
			target = 643807FB2B6D675700856DA0 /* SiriKitExampleIntentUI */;
			targetProxy = 643808062B6D675700856DA0 /* PBXContainerItemProxy */;
		};
		6438080A2B6D675700856DA0 /* PBXTargetDependency */ = {
			isa = PBXTargetDependency;
			target = 643807EF2B6D675600856DA0 /* SiriKitExampleIntent */;
			targetProxy = 643808092B6D675700856DA0 /* PBXContainerItemProxy */;
		};
/* End PBXTargetDependency section */

/* Begin PBXVariantGroup section */
		643808022B6D675700856DA0 /* MainInterface.storyboard */ = {
			isa = PBXVariantGroup;
			children = (
				643808032B6D675700856DA0 /* Base */,
			);
			name = MainInterface.storyboard;
			sourceTree = "<group>";
		};
/* End PBXVariantGroup section */

/* Begin XCBuildConfiguration section */
		642BCA092AE04E04008472D3 /* Debug */ = {
			isa = XCBuildConfiguration;
			buildSettings = {
				ALWAYS_SEARCH_USER_PATHS = NO;
				ASSETCATALOG_COMPILER_GENERATE_SWIFT_ASSET_SYMBOL_EXTENSIONS = YES;
				CLANG_ANALYZER_NONNULL = YES;
				CLANG_ANALYZER_NUMBER_OBJECT_CONVERSION = YES_AGGRESSIVE;
				CLANG_CXX_LANGUAGE_STANDARD = "gnu++20";
				CLANG_ENABLE_MODULES = YES;
				CLANG_ENABLE_OBJC_ARC = YES;
				CLANG_ENABLE_OBJC_WEAK = YES;
				CLANG_WARN_BLOCK_CAPTURE_AUTORELEASING = YES;
				CLANG_WARN_BOOL_CONVERSION = YES;
				CLANG_WARN_COMMA = YES;
				CLANG_WARN_CONSTANT_CONVERSION = YES;
				CLANG_WARN_DEPRECATED_OBJC_IMPLEMENTATIONS = YES;
				CLANG_WARN_DIRECT_OBJC_ISA_USAGE = YES_ERROR;
				CLANG_WARN_DOCUMENTATION_COMMENTS = YES;
				CLANG_WARN_EMPTY_BODY = YES;
				CLANG_WARN_ENUM_CONVERSION = YES;
				CLANG_WARN_INFINITE_RECURSION = YES;
				CLANG_WARN_INT_CONVERSION = YES;
				CLANG_WARN_NON_LITERAL_NULL_CONVERSION = YES;
				CLANG_WARN_OBJC_IMPLICIT_RETAIN_SELF = YES;
				CLANG_WARN_OBJC_LITERAL_CONVERSION = YES;
				CLANG_WARN_OBJC_ROOT_CLASS = YES_ERROR;
				CLANG_WARN_QUOTED_INCLUDE_IN_FRAMEWORK_HEADER = YES;
				CLANG_WARN_RANGE_LOOP_ANALYSIS = YES;
				CLANG_WARN_STRICT_PROTOTYPES = YES;
				CLANG_WARN_SUSPICIOUS_MOVE = YES;
				CLANG_WARN_UNGUARDED_AVAILABILITY = YES_AGGRESSIVE;
				CLANG_WARN_UNREACHABLE_CODE = YES;
				CLANG_WARN__DUPLICATE_METHOD_MATCH = YES;
				COPY_PHASE_STRIP = NO;
				DEBUG_INFORMATION_FORMAT = dwarf;
				ENABLE_STRICT_OBJC_MSGSEND = YES;
				ENABLE_TESTABILITY = YES;
				ENABLE_USER_SCRIPT_SANDBOXING = YES;
				GCC_C_LANGUAGE_STANDARD = gnu17;
				GCC_DYNAMIC_NO_PIC = NO;
				GCC_NO_COMMON_BLOCKS = YES;
				GCC_OPTIMIZATION_LEVEL = 0;
				GCC_PREPROCESSOR_DEFINITIONS = (
					"DEBUG=1",
					"$(inherited)",
				);
				GCC_WARN_64_TO_32_BIT_CONVERSION = YES;
				GCC_WARN_ABOUT_RETURN_TYPE = YES_ERROR;
				GCC_WARN_UNDECLARED_SELECTOR = YES;
				GCC_WARN_UNINITIALIZED_AUTOS = YES_AGGRESSIVE;
				GCC_WARN_UNUSED_FUNCTION = YES;
				GCC_WARN_UNUSED_VARIABLE = YES;
				LOCALIZATION_PREFERS_STRING_CATALOGS = YES;
				MTL_ENABLE_DEBUG_INFO = INCLUDE_SOURCE;
				MTL_FAST_MATH = YES;
				ONLY_ACTIVE_ARCH = YES;
				SWIFT_ACTIVE_COMPILATION_CONDITIONS = "DEBUG $(inherited)";
				SWIFT_OPTIMIZATION_LEVEL = "-Onone";
			};
			name = Debug;
		};
		642BCA0A2AE04E04008472D3 /* Release */ = {
			isa = XCBuildConfiguration;
			buildSettings = {
				ALWAYS_SEARCH_USER_PATHS = NO;
				ASSETCATALOG_COMPILER_GENERATE_SWIFT_ASSET_SYMBOL_EXTENSIONS = YES;
				CLANG_ANALYZER_NONNULL = YES;
				CLANG_ANALYZER_NUMBER_OBJECT_CONVERSION = YES_AGGRESSIVE;
				CLANG_CXX_LANGUAGE_STANDARD = "gnu++20";
				CLANG_ENABLE_MODULES = YES;
				CLANG_ENABLE_OBJC_ARC = YES;
				CLANG_ENABLE_OBJC_WEAK = YES;
				CLANG_WARN_BLOCK_CAPTURE_AUTORELEASING = YES;
				CLANG_WARN_BOOL_CONVERSION = YES;
				CLANG_WARN_COMMA = YES;
				CLANG_WARN_CONSTANT_CONVERSION = YES;
				CLANG_WARN_DEPRECATED_OBJC_IMPLEMENTATIONS = YES;
				CLANG_WARN_DIRECT_OBJC_ISA_USAGE = YES_ERROR;
				CLANG_WARN_DOCUMENTATION_COMMENTS = YES;
				CLANG_WARN_EMPTY_BODY = YES;
				CLANG_WARN_ENUM_CONVERSION = YES;
				CLANG_WARN_INFINITE_RECURSION = YES;
				CLANG_WARN_INT_CONVERSION = YES;
				CLANG_WARN_NON_LITERAL_NULL_CONVERSION = YES;
				CLANG_WARN_OBJC_IMPLICIT_RETAIN_SELF = YES;
				CLANG_WARN_OBJC_LITERAL_CONVERSION = YES;
				CLANG_WARN_OBJC_ROOT_CLASS = YES_ERROR;
				CLANG_WARN_QUOTED_INCLUDE_IN_FRAMEWORK_HEADER = YES;
				CLANG_WARN_RANGE_LOOP_ANALYSIS = YES;
				CLANG_WARN_STRICT_PROTOTYPES = YES;
				CLANG_WARN_SUSPICIOUS_MOVE = YES;
				CLANG_WARN_UNGUARDED_AVAILABILITY = YES_AGGRESSIVE;
				CLANG_WARN_UNREACHABLE_CODE = YES;
				CLANG_WARN__DUPLICATE_METHOD_MATCH = YES;
				COPY_PHASE_STRIP = NO;
				DEBUG_INFORMATION_FORMAT = "dwarf-with-dsym";
				ENABLE_NS_ASSERTIONS = NO;
				ENABLE_STRICT_OBJC_MSGSEND = YES;
				ENABLE_USER_SCRIPT_SANDBOXING = YES;
				GCC_C_LANGUAGE_STANDARD = gnu17;
				GCC_NO_COMMON_BLOCKS = YES;
				GCC_WARN_64_TO_32_BIT_CONVERSION = YES;
				GCC_WARN_ABOUT_RETURN_TYPE = YES_ERROR;
				GCC_WARN_UNDECLARED_SELECTOR = YES;
				GCC_WARN_UNINITIALIZED_AUTOS = YES_AGGRESSIVE;
				GCC_WARN_UNUSED_FUNCTION = YES;
				GCC_WARN_UNUSED_VARIABLE = YES;
				LOCALIZATION_PREFERS_STRING_CATALOGS = YES;
				MTL_ENABLE_DEBUG_INFO = NO;
				MTL_FAST_MATH = YES;
				SWIFT_COMPILATION_MODE = wholemodule;
			};
			name = Release;
		};
		642BCA0C2AE04E04008472D3 /* Debug */ = {
			isa = XCBuildConfiguration;
			buildSettings = {
				ALWAYS_EMBED_SWIFT_STANDARD_LIBRARIES = YES;
				ASSETCATALOG_COMPILER_APPICON_NAME = AppIcon;
				ASSETCATALOG_COMPILER_GLOBAL_ACCENT_COLOR_NAME = AccentColor;
				CODE_SIGN_ENTITLEMENTS = SiriKitExample/SiriKitExample.entitlements;
				CODE_SIGN_STYLE = Automatic;
				CURRENT_PROJECT_VERSION = 1;
				DEVELOPMENT_ASSET_PATHS = SiriKitExample/Resources;
				DEVELOPMENT_TEAM = 25SZ83YBG4;
				ENABLE_HARDENED_RUNTIME = YES;
				ENABLE_PREVIEWS = YES;
				GENERATE_INFOPLIST_FILE = YES;
				INFOPLIST_FILE = SiriKitExample/Info.plist;
				"INFOPLIST_KEY_UIApplicationSceneManifest_Generation[sdk=iphoneos*]" = YES;
				"INFOPLIST_KEY_UIApplicationSceneManifest_Generation[sdk=iphonesimulator*]" = YES;
				INFOPLIST_KEY_UIApplicationSupportsIndirectInputEvents = YES;
				"INFOPLIST_KEY_UIApplicationSupportsIndirectInputEvents[sdk=iphoneos*]" = YES;
				"INFOPLIST_KEY_UIApplicationSupportsIndirectInputEvents[sdk=iphonesimulator*]" = YES;
				"INFOPLIST_KEY_UILaunchScreen_Generation[sdk=iphoneos*]" = YES;
				"INFOPLIST_KEY_UILaunchScreen_Generation[sdk=iphonesimulator*]" = YES;
				"INFOPLIST_KEY_UIStatusBarStyle[sdk=iphoneos*]" = UIStatusBarStyleDefault;
				"INFOPLIST_KEY_UIStatusBarStyle[sdk=iphonesimulator*]" = UIStatusBarStyleDefault;
				INFOPLIST_KEY_UISupportedInterfaceOrientations = UIInterfaceOrientationPortrait;
				INFOPLIST_KEY_UISupportedInterfaceOrientations_iPad = "UIInterfaceOrientationLandscapeLeft UIInterfaceOrientationLandscapeRight UIInterfaceOrientationPortrait UIInterfaceOrientationPortraitUpsideDown";
				IPHONEOS_DEPLOYMENT_TARGET = 17.0;
				LD_RUNPATH_SEARCH_PATHS = "@executable_path/Frameworks";
				"LD_RUNPATH_SEARCH_PATHS[sdk=macosx*]" = "@executable_path/../Frameworks";
				MACOSX_DEPLOYMENT_TARGET = 13.5;
				MARKETING_VERSION = 1.0;
				PRODUCT_BUNDLE_IDENTIFIER = deisy.SiriKitExample;
				PRODUCT_NAME = "$(TARGET_NAME)";
				SDKROOT = auto;
				SUPPORTED_PLATFORMS = "iphoneos iphonesimulator";
				SUPPORTS_MACCATALYST = NO;
				SWIFT_EMIT_LOC_STRINGS = YES;
				SWIFT_VERSION = 5.0;
				TARGETED_DEVICE_FAMILY = 1;
			};
			name = Debug;
		};
		642BCA0D2AE04E04008472D3 /* Release */ = {
			isa = XCBuildConfiguration;
			buildSettings = {
				ALWAYS_EMBED_SWIFT_STANDARD_LIBRARIES = YES;
				ASSETCATALOG_COMPILER_APPICON_NAME = AppIcon;
				ASSETCATALOG_COMPILER_GLOBAL_ACCENT_COLOR_NAME = AccentColor;
				CODE_SIGN_ENTITLEMENTS = SiriKitExample/SiriKitExample.entitlements;
				CODE_SIGN_STYLE = Automatic;
				CURRENT_PROJECT_VERSION = 1;
				DEVELOPMENT_ASSET_PATHS = SiriKitExample/Resources;
				DEVELOPMENT_TEAM = 25SZ83YBG4;
				ENABLE_HARDENED_RUNTIME = YES;
				ENABLE_PREVIEWS = YES;
				GENERATE_INFOPLIST_FILE = YES;
				INFOPLIST_FILE = SiriKitExample/Info.plist;
				"INFOPLIST_KEY_UIApplicationSceneManifest_Generation[sdk=iphoneos*]" = YES;
				"INFOPLIST_KEY_UIApplicationSceneManifest_Generation[sdk=iphonesimulator*]" = YES;
				INFOPLIST_KEY_UIApplicationSupportsIndirectInputEvents = YES;
				"INFOPLIST_KEY_UIApplicationSupportsIndirectInputEvents[sdk=iphoneos*]" = YES;
				"INFOPLIST_KEY_UIApplicationSupportsIndirectInputEvents[sdk=iphonesimulator*]" = YES;
				"INFOPLIST_KEY_UILaunchScreen_Generation[sdk=iphoneos*]" = YES;
				"INFOPLIST_KEY_UILaunchScreen_Generation[sdk=iphonesimulator*]" = YES;
				"INFOPLIST_KEY_UIStatusBarStyle[sdk=iphoneos*]" = UIStatusBarStyleDefault;
				"INFOPLIST_KEY_UIStatusBarStyle[sdk=iphonesimulator*]" = UIStatusBarStyleDefault;
				INFOPLIST_KEY_UISupportedInterfaceOrientations = UIInterfaceOrientationPortrait;
				INFOPLIST_KEY_UISupportedInterfaceOrientations_iPad = "UIInterfaceOrientationLandscapeLeft UIInterfaceOrientationLandscapeRight UIInterfaceOrientationPortrait UIInterfaceOrientationPortraitUpsideDown";
				IPHONEOS_DEPLOYMENT_TARGET = 17.0;
				LD_RUNPATH_SEARCH_PATHS = "@executable_path/Frameworks";
				"LD_RUNPATH_SEARCH_PATHS[sdk=macosx*]" = "@executable_path/../Frameworks";
				MACOSX_DEPLOYMENT_TARGET = 13.5;
				MARKETING_VERSION = 1.0;
				PRODUCT_BUNDLE_IDENTIFIER = deisy.SiriKitExample;
				PRODUCT_NAME = "$(TARGET_NAME)";
				SDKROOT = auto;
				SUPPORTED_PLATFORMS = "iphoneos iphonesimulator";
				SUPPORTS_MACCATALYST = NO;
				SWIFT_EMIT_LOC_STRINGS = YES;
				SWIFT_VERSION = 5.0;
				TARGETED_DEVICE_FAMILY = 1;
			};
			name = Release;
		};
		6438080D2B6D675700856DA0 /* Debug */ = {
			isa = XCBuildConfiguration;
			buildSettings = {
				CODE_SIGN_ENTITLEMENTS = SiriKitExampleIntent/SiriKitExampleIntent.entitlements;
				CODE_SIGN_STYLE = Automatic;
				CURRENT_PROJECT_VERSION = 1;
				DEVELOPMENT_TEAM = 25SZ83YBG4;
				GENERATE_INFOPLIST_FILE = YES;
				INFOPLIST_FILE = SiriKitExampleIntent/Info.plist;
				INFOPLIST_KEY_CFBundleDisplayName = SiriKitExampleIntent;
				INFOPLIST_KEY_NSHumanReadableCopyright = "";
				IPHONEOS_DEPLOYMENT_TARGET = 17.0;
				LD_RUNPATH_SEARCH_PATHS = (
					"$(inherited)",
					"@executable_path/Frameworks",
					"@executable_path/../../Frameworks",
				);
				MARKETING_VERSION = 1.0;
				PRODUCT_BUNDLE_IDENTIFIER = deisy.SiriKitExample.SiriKitExampleIntent;
				PRODUCT_NAME = "$(TARGET_NAME)";
				SDKROOT = iphoneos;
				SKIP_INSTALL = YES;
				SUPPORTED_PLATFORMS = "iphoneos iphonesimulator";
				SUPPORTS_MACCATALYST = NO;
				SUPPORTS_MAC_DESIGNED_FOR_IPHONE_IPAD = NO;
				SWIFT_EMIT_LOC_STRINGS = YES;
				SWIFT_VERSION = 5.0;
				TARGETED_DEVICE_FAMILY = 1;
			};
			name = Debug;
		};
		6438080E2B6D675700856DA0 /* Release */ = {
			isa = XCBuildConfiguration;
			buildSettings = {
				CODE_SIGN_ENTITLEMENTS = SiriKitExampleIntent/SiriKitExampleIntent.entitlements;
				CODE_SIGN_STYLE = Automatic;
				CURRENT_PROJECT_VERSION = 1;
				DEVELOPMENT_TEAM = 25SZ83YBG4;
				GENERATE_INFOPLIST_FILE = YES;
				INFOPLIST_FILE = SiriKitExampleIntent/Info.plist;
				INFOPLIST_KEY_CFBundleDisplayName = SiriKitExampleIntent;
				INFOPLIST_KEY_NSHumanReadableCopyright = "";
				IPHONEOS_DEPLOYMENT_TARGET = 17.0;
				LD_RUNPATH_SEARCH_PATHS = (
					"$(inherited)",
					"@executable_path/Frameworks",
					"@executable_path/../../Frameworks",
				);
				MARKETING_VERSION = 1.0;
				PRODUCT_BUNDLE_IDENTIFIER = deisy.SiriKitExample.SiriKitExampleIntent;
				PRODUCT_NAME = "$(TARGET_NAME)";
				SDKROOT = iphoneos;
				SKIP_INSTALL = YES;
				SUPPORTED_PLATFORMS = "iphoneos iphonesimulator";
				SUPPORTS_MACCATALYST = NO;
				SUPPORTS_MAC_DESIGNED_FOR_IPHONE_IPAD = NO;
				SWIFT_EMIT_LOC_STRINGS = YES;
				SWIFT_VERSION = 5.0;
				TARGETED_DEVICE_FAMILY = 1;
				VALIDATE_PRODUCT = YES;
			};
			name = Release;
		};
		6438080F2B6D675700856DA0 /* Debug */ = {
			isa = XCBuildConfiguration;
			buildSettings = {
				CODE_SIGN_ENTITLEMENTS = SiriKitExampleIntentUI/SiriKitExampleIntentUI.entitlements;
				CODE_SIGN_STYLE = Automatic;
				CURRENT_PROJECT_VERSION = 1;
				DEVELOPMENT_TEAM = 25SZ83YBG4;
				GENERATE_INFOPLIST_FILE = YES;
				INFOPLIST_FILE = SiriKitExampleIntentUI/Info.plist;
				INFOPLIST_KEY_CFBundleDisplayName = SiriKitExampleIntentUI;
				INFOPLIST_KEY_NSHumanReadableCopyright = "";
				IPHONEOS_DEPLOYMENT_TARGET = 17.0;
				LD_RUNPATH_SEARCH_PATHS = (
					"$(inherited)",
					"@executable_path/Frameworks",
					"@executable_path/../../Frameworks",
				);
				MARKETING_VERSION = 1.0;
				PRODUCT_BUNDLE_IDENTIFIER = deisy.SiriKitExample.SiriKitExampleIntentUI;
				PRODUCT_NAME = "$(TARGET_NAME)";
				SDKROOT = iphoneos;
				SKIP_INSTALL = YES;
				SUPPORTED_PLATFORMS = "iphoneos iphonesimulator";
				SUPPORTS_MACCATALYST = NO;
				SUPPORTS_MAC_DESIGNED_FOR_IPHONE_IPAD = NO;
				SWIFT_EMIT_LOC_STRINGS = YES;
				SWIFT_VERSION = 5.0;
				TARGETED_DEVICE_FAMILY = 1;
			};
			name = Debug;
		};
		643808102B6D675700856DA0 /* Release */ = {
			isa = XCBuildConfiguration;
			buildSettings = {
				CODE_SIGN_ENTITLEMENTS = SiriKitExampleIntentUI/SiriKitExampleIntentUI.entitlements;
				CODE_SIGN_STYLE = Automatic;
				CURRENT_PROJECT_VERSION = 1;
				DEVELOPMENT_TEAM = 25SZ83YBG4;
				GENERATE_INFOPLIST_FILE = YES;
				INFOPLIST_FILE = SiriKitExampleIntentUI/Info.plist;
				INFOPLIST_KEY_CFBundleDisplayName = SiriKitExampleIntentUI;
				INFOPLIST_KEY_NSHumanReadableCopyright = "";
				IPHONEOS_DEPLOYMENT_TARGET = 17.0;
				LD_RUNPATH_SEARCH_PATHS = (
					"$(inherited)",
					"@executable_path/Frameworks",
					"@executable_path/../../Frameworks",
				);
				MARKETING_VERSION = 1.0;
				PRODUCT_BUNDLE_IDENTIFIER = deisy.SiriKitExample.SiriKitExampleIntentUI;
				PRODUCT_NAME = "$(TARGET_NAME)";
				SDKROOT = iphoneos;
				SKIP_INSTALL = YES;
				SUPPORTED_PLATFORMS = "iphoneos iphonesimulator";
				SUPPORTS_MACCATALYST = NO;
				SUPPORTS_MAC_DESIGNED_FOR_IPHONE_IPAD = NO;
				SWIFT_EMIT_LOC_STRINGS = YES;
				SWIFT_VERSION = 5.0;
				TARGETED_DEVICE_FAMILY = 1;
				VALIDATE_PRODUCT = YES;
			};
			name = Release;
		};
/* End XCBuildConfiguration section */

/* Begin XCConfigurationList section */
		642BC9F22AE04E02008472D3 /* Build configuration list for PBXProject "SiriKitExample" */ = {
			isa = XCConfigurationList;
			buildConfigurations = (
				642BCA092AE04E04008472D3 /* Debug */,
				642BCA0A2AE04E04008472D3 /* Release */,
			);
			defaultConfigurationIsVisible = 0;
			defaultConfigurationName = Release;
		};
		642BCA0B2AE04E04008472D3 /* Build configuration list for PBXNativeTarget "SiriKitExample" */ = {
			isa = XCConfigurationList;
			buildConfigurations = (
				642BCA0C2AE04E04008472D3 /* Debug */,
				642BCA0D2AE04E04008472D3 /* Release */,
			);
			defaultConfigurationIsVisible = 0;
			defaultConfigurationName = Release;
		};
		643808112B6D675700856DA0 /* Build configuration list for PBXNativeTarget "SiriKitExampleIntentUI" */ = {
			isa = XCConfigurationList;
			buildConfigurations = (
				6438080F2B6D675700856DA0 /* Debug */,
				643808102B6D675700856DA0 /* Release */,
			);
			defaultConfigurationIsVisible = 0;
			defaultConfigurationName = Release;
		};
		643808122B6D675700856DA0 /* Build configuration list for PBXNativeTarget "SiriKitExampleIntent" */ = {
			isa = XCConfigurationList;
			buildConfigurations = (
				6438080D2B6D675700856DA0 /* Debug */,
				6438080E2B6D675700856DA0 /* Release */,
			);
			defaultConfigurationIsVisible = 0;
			defaultConfigurationName = Release;
		};
/* End XCConfigurationList section */

/* Begin XCVersionGroup section */
		642BC9FE2AE04E02008472D3 /* SiriKitExample.xcdatamodeld */ = {
			isa = XCVersionGroup;
			children = (
				642BC9FF2AE04E02008472D3 /* SiriKitExample.xcdatamodel */,
			);
			currentVersion = 642BC9FF2AE04E02008472D3 /* SiriKitExample.xcdatamodel */;
			path = SiriKitExample.xcdatamodeld;
			sourceTree = "<group>";
			versionGroupType = wrapper.xcdatamodel;
		};
/* End XCVersionGroup section */
	};
	rootObject = 642BC9EF2AE04E02008472D3 /* Project object */;
}
